// !$*UTF8*$!
{
	archiveVersion = 1;
	classes = {
	};
	objectVersion = 55;
	objects = {

/* Begin PBXBuildFile section */
		A5687017294E97F100007216 /* AppDelegate.swift in Sources */ = {isa = PBXBuildFile; fileRef = A5687016294E97F100007216 /* AppDelegate.swift */; };
		A5687019294E97F100007216 /* SceneDelegate.swift in Sources */ = {isa = PBXBuildFile; fileRef = A5687018294E97F100007216 /* SceneDelegate.swift */; };
		A568701E294E97F100007216 /* Main.storyboard in Resources */ = {isa = PBXBuildFile; fileRef = A568701C294E97F100007216 /* Main.storyboard */; };
		A5687020294E97F500007216 /* Assets.xcassets in Resources */ = {isa = PBXBuildFile; fileRef = A568701F294E97F500007216 /* Assets.xcassets */; };
		A5687023294E97F500007216 /* LaunchScreen.storyboard in Resources */ = {isa = PBXBuildFile; fileRef = A5687021294E97F500007216 /* LaunchScreen.storyboard */; };
		A5687030294E9FD000007216 /* DefinitionsTableViewController.swift in Sources */ = {isa = PBXBuildFile; fileRef = A568702F294E9FD000007216 /* DefinitionsTableViewController.swift */; };
		A5687032294EA05E00007216 /* MainViewController.swift in Sources */ = {isa = PBXBuildFile; fileRef = A5687031294EA05E00007216 /* MainViewController.swift */; };
		A5687034294EAD4900007216 /* NetworkManager.swift in Sources */ = {isa = PBXBuildFile; fileRef = A5687033294EAD4900007216 /* NetworkManager.swift */; };
		A5687036294EB15F00007216 /* Definition.swift in Sources */ = {isa = PBXBuildFile; fileRef = A5687035294EB15F00007216 /* Definition.swift */; };
/* End PBXBuildFile section */

/* Begin PBXFileReference section */
		A5687013294E97F000007216 /* FunDictionary.app */ = {isa = PBXFileReference; explicitFileType = wrapper.application; includeInIndex = 0; path = FunDictionary.app; sourceTree = BUILT_PRODUCTS_DIR; };
		A5687016294E97F100007216 /* AppDelegate.swift */ = {isa = PBXFileReference; lastKnownFileType = sourcecode.swift; path = AppDelegate.swift; sourceTree = "<group>"; };
		A5687018294E97F100007216 /* SceneDelegate.swift */ = {isa = PBXFileReference; lastKnownFileType = sourcecode.swift; path = SceneDelegate.swift; sourceTree = "<group>"; };
		A568701D294E97F100007216 /* Base */ = {isa = PBXFileReference; lastKnownFileType = file.storyboard; name = Base; path = Base.lproj/Main.storyboard; sourceTree = "<group>"; };
		A568701F294E97F500007216 /* Assets.xcassets */ = {isa = PBXFileReference; lastKnownFileType = folder.assetcatalog; path = Assets.xcassets; sourceTree = "<group>"; };
		A5687022294E97F500007216 /* Base */ = {isa = PBXFileReference; lastKnownFileType = file.storyboard; name = Base; path = Base.lproj/LaunchScreen.storyboard; sourceTree = "<group>"; };
		A5687024294E97F500007216 /* Info.plist */ = {isa = PBXFileReference; lastKnownFileType = text.plist.xml; path = Info.plist; sourceTree = "<group>"; };
		A568702F294E9FD000007216 /* DefinitionsTableViewController.swift */ = {isa = PBXFileReference; lastKnownFileType = sourcecode.swift; path = DefinitionsTableViewController.swift; sourceTree = "<group>"; };
		A5687031294EA05E00007216 /* MainViewController.swift */ = {isa = PBXFileReference; lastKnownFileType = sourcecode.swift; path = MainViewController.swift; sourceTree = "<group>"; };
		A5687033294EAD4900007216 /* NetworkManager.swift */ = {isa = PBXFileReference; lastKnownFileType = sourcecode.swift; path = NetworkManager.swift; sourceTree = "<group>"; };
		A5687035294EB15F00007216 /* Definition.swift */ = {isa = PBXFileReference; lastKnownFileType = sourcecode.swift; path = Definition.swift; sourceTree = "<group>"; };
/* End PBXFileReference section */

/* Begin PBXFrameworksBuildPhase section */
		A5687010294E97F000007216 /* Frameworks */ = {
			isa = PBXFrameworksBuildPhase;
			buildActionMask = 2147483647;
			files = (
			);
			runOnlyForDeploymentPostprocessing = 0;
		};
/* End PBXFrameworksBuildPhase section */

/* Begin PBXGroup section */
		A535C9FE2956F28300AE08F7 /* Services */ = {
			isa = PBXGroup;
			children = (
				A5687033294EAD4900007216 /* NetworkManager.swift */,
			);
			path = Services;
			sourceTree = "<group>";
		};
		A568700A294E97F000007216 = {
			isa = PBXGroup;
			children = (
				A5687015294E97F000007216 /* FunDictionary */,
				A5687014294E97F000007216 /* Products */,
			);
			sourceTree = "<group>";
		};
		A5687014294E97F000007216 /* Products */ = {
			isa = PBXGroup;
			children = (
				A5687013294E97F000007216 /* FunDictionary.app */,
			);
			name = Products;
			sourceTree = "<group>";
		};
		A5687015294E97F000007216 /* FunDictionary */ = {
			isa = PBXGroup;
			children = (
				A568702B294E983000007216 /* App */,
				A568702E294E98AA00007216 /* Models */,
				A568702D294E989100007216 /* ViewControllers */,
				A568702A294E980B00007216 /* Storyboards */,
				A535C9FE2956F28300AE08F7 /* Services */,
				A568702C294E986400007216 /* Resources */,
			);
			path = FunDictionary;
			sourceTree = "<group>";
		};
		A568702A294E980B00007216 /* Storyboards */ = {
			isa = PBXGroup;
			children = (
				A568701C294E97F100007216 /* Main.storyboard */,
				A5687021294E97F500007216 /* LaunchScreen.storyboard */,
			);
			path = Storyboards;
			sourceTree = "<group>";
		};
		A568702B294E983000007216 /* App */ = {
			isa = PBXGroup;
			children = (
				A5687024294E97F500007216 /* Info.plist */,
				A5687016294E97F100007216 /* AppDelegate.swift */,
				A5687018294E97F100007216 /* SceneDelegate.swift */,
			);
			path = App;
			sourceTree = "<group>";
		};
		A568702C294E986400007216 /* Resources */ = {
			isa = PBXGroup;
			children = (
				A568701F294E97F500007216 /* Assets.xcassets */,
			);
			path = Resources;
			sourceTree = "<group>";
		};
		A568702D294E989100007216 /* ViewControllers */ = {
			isa = PBXGroup;
			children = (
				A5687031294EA05E00007216 /* MainViewController.swift */,
				A568702F294E9FD000007216 /* DefinitionsTableViewController.swift */,
			);
			path = ViewControllers;
			sourceTree = "<group>";
		};
		A568702E294E98AA00007216 /* Models */ = {
			isa = PBXGroup;
			children = (
				A5687035294EB15F00007216 /* Definition.swift */,
			);
			path = Models;
			sourceTree = "<group>";
		};
/* End PBXGroup section */

/* Begin PBXNativeTarget section */
		A5687012294E97F000007216 /* FunDictionary */ = {
			isa = PBXNativeTarget;
			buildConfigurationList = A5687027294E97F500007216 /* Build configuration list for PBXNativeTarget "FunDictionary" */;
			buildPhases = (
				A568700F294E97F000007216 /* Sources */,
				A5687010294E97F000007216 /* Frameworks */,
				A5687011294E97F000007216 /* Resources */,
			);
			buildRules = (
			);
			dependencies = (
			);
			name = FunDictionary;
			productName = FunDictionary;
			productReference = A5687013294E97F000007216 /* FunDictionary.app */;
			productType = "com.apple.product-type.application";
		};
/* End PBXNativeTarget section */

/* Begin PBXProject section */
		A568700B294E97F000007216 /* Project object */ = {
			isa = PBXProject;
			attributes = {
				BuildIndependentTargetsInParallel = 1;
				LastSwiftUpdateCheck = 1320;
				LastUpgradeCheck = 1320;
				TargetAttributes = {
					A5687012294E97F000007216 = {
						CreatedOnToolsVersion = 13.2.1;
					};
				};
			};
			buildConfigurationList = A568700E294E97F000007216 /* Build configuration list for PBXProject "FunDictionary" */;
			compatibilityVersion = "Xcode 13.0";
			developmentRegion = en;
			hasScannedForEncodings = 0;
			knownRegions = (
				en,
				Base,
			);
			mainGroup = A568700A294E97F000007216;
			productRefGroup = A5687014294E97F000007216 /* Products */;
			projectDirPath = "";
			projectRoot = "";
			targets = (
				A5687012294E97F000007216 /* FunDictionary */,
			);
		};
/* End PBXProject section */

/* Begin PBXResourcesBuildPhase section */
		A5687011294E97F000007216 /* Resources */ = {
			isa = PBXResourcesBuildPhase;
			buildActionMask = 2147483647;
			files = (
				A5687023294E97F500007216 /* LaunchScreen.storyboard in Resources */,
				A5687020294E97F500007216 /* Assets.xcassets in Resources */,
				A568701E294E97F100007216 /* Main.storyboard in Resources */,
			);
			runOnlyForDeploymentPostprocessing = 0;
		};
/* End PBXResourcesBuildPhase section */

/* Begin PBXSourcesBuildPhase section */
		A568700F294E97F000007216 /* Sources */ = {
			isa = PBXSourcesBuildPhase;
			buildActionMask = 2147483647;
			files = (
				A5687017294E97F100007216 /* AppDelegate.swift in Sources */,
				A5687030294E9FD000007216 /* DefinitionsTableViewController.swift in Sources */,
				A5687034294EAD4900007216 /* NetworkManager.swift in Sources */,
				A5687019294E97F100007216 /* SceneDelegate.swift in Sources */,
				A5687036294EB15F00007216 /* Definition.swift in Sources */,
				A5687032294EA05E00007216 /* MainViewController.swift in Sources */,
			);
			runOnlyForDeploymentPostprocessing = 0;
		};
/* End PBXSourcesBuildPhase section */

/* Begin PBXVariantGroup section */
		A568701C294E97F100007216 /* Main.storyboard */ = {
			isa = PBXVariantGroup;
			children = (
				A568701D294E97F100007216 /* Base */,
			);
			name = Main.storyboard;
			sourceTree = "<group>";
		};
		A5687021294E97F500007216 /* LaunchScreen.storyboard */ = {
			isa = PBXVariantGroup;
			children = (
				A5687022294E97F500007216 /* Base */,
			);
			name = LaunchScreen.storyboard;
			sourceTree = "<group>";
		};
/* End PBXVariantGroup section */

/* Begin XCBuildConfiguration section */
		A5687025294E97F500007216 /* Debug */ = {
			isa = XCBuildConfiguration;
			buildSettings = {
				ALWAYS_SEARCH_USER_PATHS = NO;
				CLANG_ANALYZER_NONNULL = YES;
				CLANG_ANALYZER_NUMBER_OBJECT_CONVERSION = YES_AGGRESSIVE;
				CLANG_CXX_LANGUAGE_STANDARD = "gnu++17";
				CLANG_CXX_LIBRARY = "libc++";
				CLANG_ENABLE_MODULES = YES;
				CLANG_ENABLE_OBJC_ARC = YES;
				CLANG_ENABLE_OBJC_WEAK = YES;
				CLANG_WARN_BLOCK_CAPTURE_AUTORELEASING = YES;
				CLANG_WARN_BOOL_CONVERSION = YES;
				CLANG_WARN_COMMA = YES;
				CLANG_WARN_CONSTANT_CONVERSION = YES;
				CLANG_WARN_DEPRECATED_OBJC_IMPLEMENTATIONS = YES;
				CLANG_WARN_DIRECT_OBJC_ISA_USAGE = YES_ERROR;
				CLANG_WARN_DOCUMENTATION_COMMENTS = YES;
				CLANG_WARN_EMPTY_BODY = YES;
				CLANG_WARN_ENUM_CONVERSION = YES;
				CLANG_WARN_INFINITE_RECURSION = YES;
				CLANG_WARN_INT_CONVERSION = YES;
				CLANG_WARN_NON_LITERAL_NULL_CONVERSION = YES;
				CLANG_WARN_OBJC_IMPLICIT_RETAIN_SELF = YES;
				CLANG_WARN_OBJC_LITERAL_CONVERSION = YES;
				CLANG_WARN_OBJC_ROOT_CLASS = YES_ERROR;
				CLANG_WARN_QUOTED_INCLUDE_IN_FRAMEWORK_HEADER = YES;
				CLANG_WARN_RANGE_LOOP_ANALYSIS = YES;
				CLANG_WARN_STRICT_PROTOTYPES = YES;
				CLANG_WARN_SUSPICIOUS_MOVE = YES;
				CLANG_WARN_UNGUARDED_AVAILABILITY = YES_AGGRESSIVE;
				CLANG_WARN_UNREACHABLE_CODE = YES;
				CLANG_WARN__DUPLICATE_METHOD_MATCH = YES;
				COPY_PHASE_STRIP = NO;
				DEBUG_INFORMATION_FORMAT = dwarf;
				ENABLE_STRICT_OBJC_MSGSEND = YES;
				ENABLE_TESTABILITY = YES;
				GCC_C_LANGUAGE_STANDARD = gnu11;
				GCC_DYNAMIC_NO_PIC = NO;
				GCC_NO_COMMON_BLOCKS = YES;
				GCC_OPTIMIZATION_LEVEL = 0;
				GCC_PREPROCESSOR_DEFINITIONS = (
					"DEBUG=1",
					"$(inherited)",
				);
				GCC_WARN_64_TO_32_BIT_CONVERSION = YES;
				GCC_WARN_ABOUT_RETURN_TYPE = YES_ERROR;
				GCC_WARN_UNDECLARED_SELECTOR = YES;
				GCC_WARN_UNINITIALIZED_AUTOS = YES_AGGRESSIVE;
				GCC_WARN_UNUSED_FUNCTION = YES;
				GCC_WARN_UNUSED_VARIABLE = YES;
				IPHONEOS_DEPLOYMENT_TARGET = 15.2;
				MTL_ENABLE_DEBUG_INFO = INCLUDE_SOURCE;
				MTL_FAST_MATH = YES;
				ONLY_ACTIVE_ARCH = YES;
				SDKROOT = iphoneos;
				SWIFT_ACTIVE_COMPILATION_CONDITIONS = DEBUG;
				SWIFT_OPTIMIZATION_LEVEL = "-Onone";
			};
			name = Debug;
		};
		A5687026294E97F500007216 /* Release */ = {
			isa = XCBuildConfiguration;
			buildSettings = {
				ALWAYS_SEARCH_USER_PATHS = NO;
				CLANG_ANALYZER_NONNULL = YES;
				CLANG_ANALYZER_NUMBER_OBJECT_CONVERSION = YES_AGGRESSIVE;
				CLANG_CXX_LANGUAGE_STANDARD = "gnu++17";
				CLANG_CXX_LIBRARY = "libc++";
				CLANG_ENABLE_MODULES = YES;
				CLANG_ENABLE_OBJC_ARC = YES;
				CLANG_ENABLE_OBJC_WEAK = YES;
				CLANG_WARN_BLOCK_CAPTURE_AUTORELEASING = YES;
				CLANG_WARN_BOOL_CONVERSION = YES;
				CLANG_WARN_COMMA = YES;
				CLANG_WARN_CONSTANT_CONVERSION = YES;
				CLANG_WARN_DEPRECATED_OBJC_IMPLEMENTATIONS = YES;
				CLANG_WARN_DIRECT_OBJC_ISA_USAGE = YES_ERROR;
				CLANG_WARN_DOCUMENTATION_COMMENTS = YES;
				CLANG_WARN_EMPTY_BODY = YES;
				CLANG_WARN_ENUM_CONVERSION = YES;
				CLANG_WARN_INFINITE_RECURSION = YES;
				CLANG_WARN_INT_CONVERSION = YES;
				CLANG_WARN_NON_LITERAL_NULL_CONVERSION = YES;
				CLANG_WARN_OBJC_IMPLICIT_RETAIN_SELF = YES;
				CLANG_WARN_OBJC_LITERAL_CONVERSION = YES;
				CLANG_WARN_OBJC_ROOT_CLASS = YES_ERROR;
				CLANG_WARN_QUOTED_INCLUDE_IN_FRAMEWORK_HEADER = YES;
				CLANG_WARN_RANGE_LOOP_ANALYSIS = YES;
				CLANG_WARN_STRICT_PROTOTYPES = YES;
				CLANG_WARN_SUSPICIOUS_MOVE = YES;
				CLANG_WARN_UNGUARDED_AVAILABILITY = YES_AGGRESSIVE;
				CLANG_WARN_UNREACHABLE_CODE = YES;
				CLANG_WARN__DUPLICATE_METHOD_MATCH = YES;
				COPY_PHASE_STRIP = NO;
				DEBUG_INFORMATION_FORMAT = "dwarf-with-dsym";
				ENABLE_NS_ASSERTIONS = NO;
				ENABLE_STRICT_OBJC_MSGSEND = YES;
				GCC_C_LANGUAGE_STANDARD = gnu11;
				GCC_NO_COMMON_BLOCKS = YES;
				GCC_WARN_64_TO_32_BIT_CONVERSION = YES;
				GCC_WARN_ABOUT_RETURN_TYPE = YES_ERROR;
				GCC_WARN_UNDECLARED_SELECTOR = YES;
				GCC_WARN_UNINITIALIZED_AUTOS = YES_AGGRESSIVE;
				GCC_WARN_UNUSED_FUNCTION = YES;
				GCC_WARN_UNUSED_VARIABLE = YES;
				IPHONEOS_DEPLOYMENT_TARGET = 15.2;
				MTL_ENABLE_DEBUG_INFO = NO;
				MTL_FAST_MATH = YES;
				SDKROOT = iphoneos;
				SWIFT_COMPILATION_MODE = wholemodule;
				SWIFT_OPTIMIZATION_LEVEL = "-O";
				VALIDATE_PRODUCT = YES;
			};
			name = Release;
		};
		A5687028294E97F500007216 /* Debug */ = {
			isa = XCBuildConfiguration;
			buildSettings = {
				ASSETCATALOG_COMPILER_APPICON_NAME = AppIcon;
				ASSETCATALOG_COMPILER_GLOBAL_ACCENT_COLOR_NAME = AccentColor;
				CODE_SIGN_STYLE = Automatic;
				CURRENT_PROJECT_VERSION = 1;
				DEVELOPMENT_TEAM = PA3HAWB8SP;
				GENERATE_INFOPLIST_FILE = YES;
				INFOPLIST_FILE = FunDictionary/App/Info.plist;
				INFOPLIST_KEY_UIApplicationSupportsIndirectInputEvents = YES;
				INFOPLIST_KEY_UILaunchStoryboardName = LaunchScreen;
				INFOPLIST_KEY_UIMainStoryboardFile = Main;
				INFOPLIST_KEY_UISupportedInterfaceOrientations_iPad = "UIInterfaceOrientationPortrait UIInterfaceOrientationPortraitUpsideDown UIInterfaceOrientationLandscapeLeft UIInterfaceOrientationLandscapeRight";
				INFOPLIST_KEY_UISupportedInterfaceOrientations_iPhone = "UIInterfaceOrientationPortrait UIInterfaceOrientationLandscapeLeft UIInterfaceOrientationLandscapeRight";
				LD_RUNPATH_SEARCH_PATHS = (
					"$(inherited)",
					"@executable_path/Frameworks",
				);
				MARKETING_VERSION = 1.0;
				PRODUCT_BUNDLE_IDENTIFIER = com.thebestiosteam.FunDictionary;
				PRODUCT_NAME = "$(TARGET_NAME)";
				SWIFT_EMIT_LOC_STRINGS = YES;
				SWIFT_VERSION = 5.0;
				TARGETED_DEVICE_FAMILY = "1,2";
			};
			name = Debug;
		};
		A5687029294E97F500007216 /* Release */ = {
			isa = XCBuildConfiguration;
			buildSettings = {
				ASSETCATALOG_COMPILER_APPICON_NAME = AppIcon;
				ASSETCATALOG_COMPILER_GLOBAL_ACCENT_COLOR_NAME = AccentColor;
				CODE_SIGN_STYLE = Automatic;
				CURRENT_PROJECT_VERSION = 1;
				DEVELOPMENT_TEAM = PA3HAWB8SP;
				GENERATE_INFOPLIST_FILE = YES;
				INFOPLIST_FILE = FunDictionary/App/Info.plist;
				INFOPLIST_KEY_UIApplicationSupportsIndirectInputEvents = YES;
				INFOPLIST_KEY_UILaunchStoryboardName = LaunchScreen;
				INFOPLIST_KEY_UIMainStoryboardFile = Main;
				INFOPLIST_KEY_UISupportedInterfaceOrientations_iPad = "UIInterfaceOrientationPortrait UIInterfaceOrientationPortraitUpsideDown UIInterfaceOrientationLandscapeLeft UIInterfaceOrientationLandscapeRight";
				INFOPLIST_KEY_UISupportedInterfaceOrientations_iPhone = "UIInterfaceOrientationPortrait UIInterfaceOrientationLandscapeLeft UIInterfaceOrientationLandscapeRight";
				LD_RUNPATH_SEARCH_PATHS = (
					"$(inherited)",
					"@executable_path/Frameworks",
				);
				MARKETING_VERSION = 1.0;
				PRODUCT_BUNDLE_IDENTIFIER = com.thebestiosteam.FunDictionary;
				PRODUCT_NAME = "$(TARGET_NAME)";
				SWIFT_EMIT_LOC_STRINGS = YES;
				SWIFT_VERSION = 5.0;
				TARGETED_DEVICE_FAMILY = "1,2";
			};
			name = Release;
		};
/* End XCBuildConfiguration section */

/* Begin XCConfigurationList section */
		A568700E294E97F000007216 /* Build configuration list for PBXProject "FunDictionary" */ = {
			isa = XCConfigurationList;
			buildConfigurations = (
				A5687025294E97F500007216 /* Debug */,
				A5687026294E97F500007216 /* Release */,
			);
			defaultConfigurationIsVisible = 0;
			defaultConfigurationName = Release;
		};
		A5687027294E97F500007216 /* Build configuration list for PBXNativeTarget "FunDictionary" */ = {
			isa = XCConfigurationList;
			buildConfigurations = (
				A5687028294E97F500007216 /* Debug */,
				A5687029294E97F500007216 /* Release */,
			);
			defaultConfigurationIsVisible = 0;
			defaultConfigurationName = Release;
		};
/* End XCConfigurationList section */
	};
	rootObject = A568700B294E97F000007216 /* Project object */;
}
